
Microsoft Visual Studio Solution File, Format Version 12.00
# Visual Studio Version 17
VisualStudioVersion = 17.5.002.0
MinimumVisualStudioVersion = 10.0.40219.1
Project("{9A19103F-16F7-4668-BE54-9A1E7A4F7556}") = "NETLearn", "NETLearn.csproj", "{38AEFC17-3A3C-43BB-90C1-32993FEA37DE}"
EndProject
Global
	GlobalSection(SolutionConfigurationPlatforms) = preSolution
		Debug|Any CPU = Debug|Any CPU
		Release|Any CPU = Release|Any CPU
	EndGlobalSection
	GlobalSection(ProjectConfigurationPlatforms) = postSolution
		{38AEFC17-3A3C-43BB-90C1-32993FEA37DE}.Debug|Any CPU.ActiveCfg = Debug|Any CPU
		{38AEFC17-3A3C-43BB-90C1-32993FEA37DE}.Debug|Any CPU.Build.0 = Debug|Any CPU
		{38AEFC17-3A3C-43BB-90C1-32993FEA37DE}.Release|Any CPU.ActiveCfg = Release|Any CPU
		{38AEFC17-3A3C-43BB-90C1-32993FEA37DE}.Release|Any CPU.Build.0 = Release|Any CPU
	EndGlobalSection
	GlobalSection(SolutionProperties) = preSolution
		HideSolutionNode = FALSE
	EndGlobalSection
	GlobalSection(ExtensibilityGlobals) = postSolution
		SolutionGuid = {66398FFF-41DE-4D8A-B201-208BDE8D76CE}
	EndGlobalSection
EndGlobal
